
Microsoft Visual Studio Solution File, Format Version 12.00
# Visual Studio Version 16
VisualStudioVersion = 16.0.29728.190
MinimumVisualStudioVersion = 10.0.40219.1
Project("{9A19103F-16F7-4668-BE54-9A1E7A4F7556}") = "LibraryDirectoryConsole", "LibraryDirectory\LibraryDirectoryConsole.csproj", "{0D333815-0413-4C8E-AE3F-33291AAF0A29}"
EndProject
Project("{FAE04EC0-301F-11D3-BF4B-00C04F79EFBC}") = "ClassLibrary", "ClassLibrary\ClassLibrary.csproj", "{21E50DFF-CB81-4CF5-9894-4D50ADA4719B}"
EndProject
Global
	GlobalSection(SolutionConfigurationPlatforms) = preSolution
		Debug|Any CPU = Debug|Any CPU
		Release|Any CPU = Release|Any CPU
	EndGlobalSection
	GlobalSection(ProjectConfigurationPlatforms) = postSolution
		{0D333815-0413-4C8E-AE3F-33291AAF0A29}.Debug|Any CPU.ActiveCfg = Debug|Any CPU
		{0D333815-0413-4C8E-AE3F-33291AAF0A29}.Debug|Any CPU.Build.0 = Debug|Any CPU
		{0D333815-0413-4C8E-AE3F-33291AAF0A29}.Release|Any CPU.ActiveCfg = Release|Any CPU
		{0D333815-0413-4C8E-AE3F-33291AAF0A29}.Release|Any CPU.Build.0 = Release|Any CPU
		{21E50DFF-CB81-4CF5-9894-4D50ADA4719B}.Debug|Any CPU.ActiveCfg = Debug|Any CPU
		{21E50DFF-CB81-4CF5-9894-4D50ADA4719B}.Debug|Any CPU.Build.0 = Debug|Any CPU
		{21E50DFF-CB81-4CF5-9894-4D50ADA4719B}.Release|Any CPU.ActiveCfg = Release|Any CPU
		{21E50DFF-CB81-4CF5-9894-4D50ADA4719B}.Release|Any CPU.Build.0 = Release|Any CPU
	EndGlobalSection
	GlobalSection(SolutionProperties) = preSolution
		HideSolutionNode = FALSE
	EndGlobalSection
	GlobalSection(ExtensibilityGlobals) = postSolution
		SolutionGuid = {6632C3B9-A77A-4BF2-BEBB-FA02318E117E}
	EndGlobalSection
EndGlobal
